
Microsoft Visual Studio Solution File, Format Version 12.00
# Visual Studio Version 16
VisualStudioVersion = 16.0.29001.49
MinimumVisualStudioVersion = 10.0.40219.1
Project("{FAE04EC0-301F-11D3-BF4B-00C04F79EFBC}") = "Tritech.Plugins.Test", "Tritech.Plugins.Test.csproj", "{37E9153F-B51C-4FA0-AD05-2B5B70E2242D}"
EndProject
Global
	GlobalSection(SolutionConfigurationPlatforms) = preSolution
		Debug|Any CPU = Debug|Any CPU
		Release|Any CPU = Release|Any CPU
	EndGlobalSection
	GlobalSection(ProjectConfigurationPlatforms) = postSolution
		{37E9153F-B51C-4FA0-AD05-2B5B70E2242D}.Debug|Any CPU.ActiveCfg = Debug|Any CPU
		{37E9153F-B51C-4FA0-AD05-2B5B70E2242D}.Debug|Any CPU.Build.0 = Debug|Any CPU
		{37E9153F-B51C-4FA0-AD05-2B5B70E2242D}.Release|Any CPU.ActiveCfg = Release|Any CPU
		{37E9153F-B51C-4FA0-AD05-2B5B70E2242D}.Release|Any CPU.Build.0 = Release|Any CPU
	EndGlobalSection
	GlobalSection(SolutionProperties) = preSolution
		HideSolutionNode = FALSE
	EndGlobalSection
	GlobalSection(ExtensibilityGlobals) = postSolution
		SolutionGuid = {69D21F6B-A665-4D52-89CC-BCFC32D40673}
	EndGlobalSection
EndGlobal
